// !$*UTF8*$!
{
	archiveVersion = 1;
	classes = {
	};
	objectVersion = 50;
	objects = {

/* Begin PBXBuildFile section */
		44166CC621CB2577009CDB80 /* AppDelegate.swift in Sources */ = {isa = PBXBuildFile; fileRef = 44166CC521CB2577009CDB80 /* AppDelegate.swift */; };
		44166CC821CB2577009CDB80 /* ViewController.swift in Sources */ = {isa = PBXBuildFile; fileRef = 44166CC721CB2577009CDB80 /* ViewController.swift */; };
		44166CCB21CB2577009CDB80 /* Main.storyboard in Resources */ = {isa = PBXBuildFile; fileRef = 44166CC921CB2577009CDB80 /* Main.storyboard */; };
		44166CCD21CB2579009CDB80 /* Assets.xcassets in Resources */ = {isa = PBXBuildFile; fileRef = 44166CCC21CB2579009CDB80 /* Assets.xcassets */; };
		44166CD021CB2579009CDB80 /* LaunchScreen.storyboard in Resources */ = {isa = PBXBuildFile; fileRef = 44166CCE21CB2579009CDB80 /* LaunchScreen.storyboard */; };
		44166CDB21CB2579009CDB80 /* FLMTests.swift in Sources */ = {isa = PBXBuildFile; fileRef = 44166CDA21CB2579009CDB80 /* FLMTests.swift */; };
/* End PBXBuildFile section */

/* Begin PBXContainerItemProxy section */
		44166CD721CB2579009CDB80 /* PBXContainerItemProxy */ = {
			isa = PBXContainerItemProxy;
			containerPortal = 44166CBA21CB2577009CDB80 /* Project object */;
			proxyType = 1;
			remoteGlobalIDString = 44166CC121CB2577009CDB80;
			remoteInfo = FLM;
		};
/* End PBXContainerItemProxy section */

/* Begin PBXFileReference section */
		44166CC221CB2577009CDB80 /* FLM.app */ = {isa = PBXFileReference; explicitFileType = wrapper.application; includeInIndex = 0; path = FLM.app; sourceTree = BUILT_PRODUCTS_DIR; };
		44166CC521CB2577009CDB80 /* AppDelegate.swift */ = {isa = PBXFileReference; lastKnownFileType = sourcecode.swift; path = AppDelegate.swift; sourceTree = "<group>"; };
		44166CC721CB2577009CDB80 /* ViewController.swift */ = {isa = PBXFileReference; lastKnownFileType = sourcecode.swift; path = ViewController.swift; sourceTree = "<group>"; };
		44166CCA21CB2577009CDB80 /* Base */ = {isa = PBXFileReference; lastKnownFileType = file.storyboard; name = Base; path = Base.lproj/Main.storyboard; sourceTree = "<group>"; };
		44166CCC21CB2579009CDB80 /* Assets.xcassets */ = {isa = PBXFileReference; lastKnownFileType = folder.assetcatalog; path = Assets.xcassets; sourceTree = "<group>"; };
		44166CCF21CB2579009CDB80 /* Base */ = {isa = PBXFileReference; lastKnownFileType = file.storyboard; name = Base; path = Base.lproj/LaunchScreen.storyboard; sourceTree = "<group>"; };
		44166CD121CB2579009CDB80 /* Info.plist */ = {isa = PBXFileReference; lastKnownFileType = text.plist.xml; path = Info.plist; sourceTree = "<group>"; };
		44166CD621CB2579009CDB80 /* FLMTests.xctest */ = {isa = PBXFileReference; explicitFileType = wrapper.cfbundle; includeInIndex = 0; path = FLMTests.xctest; sourceTree = BUILT_PRODUCTS_DIR; };
		44166CDA21CB2579009CDB80 /* FLMTests.swift */ = {isa = PBXFileReference; lastKnownFileType = sourcecode.swift; path = FLMTests.swift; sourceTree = "<group>"; };
		44166CDC21CB2579009CDB80 /* Info.plist */ = {isa = PBXFileReference; lastKnownFileType = text.plist.xml; path = Info.plist; sourceTree = "<group>"; };
/* End PBXFileReference section */

/* Begin PBXFrameworksBuildPhase section */
		44166CBF21CB2577009CDB80 /* Frameworks */ = {
			isa = PBXFrameworksBuildPhase;
			buildActionMask = 2147483647;
			files = (
			);
			runOnlyForDeploymentPostprocessing = 0;
		};
		44166CD321CB2579009CDB80 /* Frameworks */ = {
			isa = PBXFrameworksBuildPhase;
			buildActionMask = 2147483647;
			files = (
			);
			runOnlyForDeploymentPostprocessing = 0;
		};
/* End PBXFrameworksBuildPhase section */

/* Begin PBXGroup section */
		44166CB921CB2577009CDB80 = {
			isa = PBXGroup;
			children = (
				44166CC421CB2577009CDB80 /* FLM */,
				44166CD921CB2579009CDB80 /* FLMTests */,
				44166CC321CB2577009CDB80 /* Products */,
			);
			sourceTree = "<group>";
		};
		44166CC321CB2577009CDB80 /* Products */ = {
			isa = PBXGroup;
			children = (
				44166CC221CB2577009CDB80 /* FLM.app */,
				44166CD621CB2579009CDB80 /* FLMTests.xctest */,
			);
			name = Products;
			sourceTree = "<group>";
		};
		44166CC421CB2577009CDB80 /* FLM */ = {
			isa = PBXGroup;
			children = (
				44166CC521CB2577009CDB80 /* AppDelegate.swift */,
				44166CC721CB2577009CDB80 /* ViewController.swift */,
				44166CC921CB2577009CDB80 /* Main.storyboard */,
				44166CCC21CB2579009CDB80 /* Assets.xcassets */,
				44166CCE21CB2579009CDB80 /* LaunchScreen.storyboard */,
				44166CD121CB2579009CDB80 /* Info.plist */,
			);
			path = FLM;
			sourceTree = "<group>";
		};
		44166CD921CB2579009CDB80 /* FLMTests */ = {
			isa = PBXGroup;
			children = (
				44166CDA21CB2579009CDB80 /* FLMTests.swift */,
				44166CDC21CB2579009CDB80 /* Info.plist */,
			);
			path = FLMTests;
			sourceTree = "<group>";
		};
/* End PBXGroup section */

/* Begin PBXNativeTarget section */
		44166CC121CB2577009CDB80 /* FLM */ = {
			isa = PBXNativeTarget;
			buildConfigurationList = 44166CDF21CB2579009CDB80 /* Build configuration list for PBXNativeTarget "FLM" */;
			buildPhases = (
				44166CBE21CB2577009CDB80 /* Sources */,
				44166CBF21CB2577009CDB80 /* Frameworks */,
				44166CC021CB2577009CDB80 /* Resources */,
			);
			buildRules = (
			);
			dependencies = (
			);
			name = FLM;
			productName = FLM;
			productReference = 44166CC221CB2577009CDB80 /* FLM.app */;
			productType = "com.apple.product-type.application";
		};
		44166CD521CB2579009CDB80 /* FLMTests */ = {
			isa = PBXNativeTarget;
			buildConfigurationList = 44166CE221CB2579009CDB80 /* Build configuration list for PBXNativeTarget "FLMTests" */;
			buildPhases = (
				44166CD221CB2579009CDB80 /* Sources */,
				44166CD321CB2579009CDB80 /* Frameworks */,
				44166CD421CB2579009CDB80 /* Resources */,
			);
			buildRules = (
			);
			dependencies = (
				44166CD821CB2579009CDB80 /* PBXTargetDependency */,
			);
			name = FLMTests;
			productName = FLMTests;
			productReference = 44166CD621CB2579009CDB80 /* FLMTests.xctest */;
			productType = "com.apple.product-type.bundle.unit-test";
		};
/* End PBXNativeTarget section */

/* Begin PBXProject section */
		44166CBA21CB2577009CDB80 /* Project object */ = {
			isa = PBXProject;
			attributes = {
				LastSwiftUpdateCheck = 1000;
				LastUpgradeCheck = 1000;
				ORGANIZATIONNAME = "Sunil Kumar";
				TargetAttributes = {
					44166CC121CB2577009CDB80 = {
						CreatedOnToolsVersion = 10.0;
					};
					44166CD521CB2579009CDB80 = {
						CreatedOnToolsVersion = 10.0;
						TestTargetID = 44166CC121CB2577009CDB80;
					};
				};
			};
			buildConfigurationList = 44166CBD21CB2577009CDB80 /* Build configuration list for PBXProject "FLM" */;
			compatibilityVersion = "Xcode 9.3";
			developmentRegion = en;
			hasScannedForEncodings = 0;
			knownRegions = (
				en,
				Base,
			);
			mainGroup = 44166CB921CB2577009CDB80;
			productRefGroup = 44166CC321CB2577009CDB80 /* Products */;
			projectDirPath = "";
			projectRoot = "";
			targets = (
				44166CC121CB2577009CDB80 /* FLM */,
				44166CD521CB2579009CDB80 /* FLMTests */,
			);
		};
/* End PBXProject section */

/* Begin PBXResourcesBuildPhase section */
		44166CC021CB2577009CDB80 /* Resources */ = {
			isa = PBXResourcesBuildPhase;
			buildActionMask = 2147483647;
			files = (
				44166CD021CB2579009CDB80 /* LaunchScreen.storyboard in Resources */,
				44166CCD21CB2579009CDB80 /* Assets.xcassets in Resources */,
				44166CCB21CB2577009CDB80 /* Main.storyboard in Resources */,
			);
			runOnlyForDeploymentPostprocessing = 0;
		};
		44166CD421CB2579009CDB80 /* Resources */ = {
			isa = PBXResourcesBuildPhase;
			buildActionMask = 2147483647;
			files = (
			);
			runOnlyForDeploymentPostprocessing = 0;
		};
/* End PBXResourcesBuildPhase section */

/* Begin PBXSourcesBuildPhase section */
		44166CBE21CB2577009CDB80 /* Sources */ = {
			isa = PBXSourcesBuildPhase;
			buildActionMask = 2147483647;
			files = (
				44166CC821CB2577009CDB80 /* ViewController.swift in Sources */,
				44166CC621CB2577009CDB80 /* AppDelegate.swift in Sources */,
			);
			runOnlyForDeploymentPostprocessing = 0;
		};
		44166CD221CB2579009CDB80 /* Sources */ = {
			isa = PBXSourcesBuildPhase;
			buildActionMask = 2147483647;
			files = (
				44166CDB21CB2579009CDB80 /* FLMTests.swift in Sources */,
			);
			runOnlyForDeploymentPostprocessing = 0;
		};
/* End PBXSourcesBuildPhase section */

/* Begin PBXTargetDependency section */
		44166CD821CB2579009CDB80 /* PBXTargetDependency */ = {
			isa = PBXTargetDependency;
			target = 44166CC121CB2577009CDB80 /* FLM */;
			targetProxy = 44166CD721CB2579009CDB80 /* PBXContainerItemProxy */;
		};
/* End PBXTargetDependency section */

/* Begin PBXVariantGroup section */
		44166CC921CB2577009CDB80 /* Main.storyboard */ = {
			isa = PBXVariantGroup;
			children = (
				44166CCA21CB2577009CDB80 /* Base */,
			);
			name = Main.storyboard;
			sourceTree = "<group>";
		};
		44166CCE21CB2579009CDB80 /* LaunchScreen.storyboard */ = {
			isa = PBXVariantGroup;
			children = (
				44166CCF21CB2579009CDB80 /* Base */,
			);
			name = LaunchScreen.storyboard;
			sourceTree = "<group>";
		};
/* End PBXVariantGroup section */

/* Begin XCBuildConfiguration section */
		44166CDD21CB2579009CDB80 /* Debug */ = {
			isa = XCBuildConfiguration;
			buildSettings = {
				ALWAYS_SEARCH_USER_PATHS = NO;
				CLANG_ANALYZER_NONNULL = YES;
				CLANG_ANALYZER_NUMBER_OBJECT_CONVERSION = YES_AGGRESSIVE;
				CLANG_CXX_LANGUAGE_STANDARD = "gnu++14";
				CLANG_CXX_LIBRARY = "libc++";
				CLANG_ENABLE_MODULES = YES;
				CLANG_ENABLE_OBJC_ARC = YES;
				CLANG_ENABLE_OBJC_WEAK = YES;
				CLANG_WARN_BLOCK_CAPTURE_AUTORELEASING = YES;
				CLANG_WARN_BOOL_CONVERSION = YES;
				CLANG_WARN_COMMA = YES;
				CLANG_WARN_CONSTANT_CONVERSION = YES;
				CLANG_WARN_DEPRECATED_OBJC_IMPLEMENTATIONS = YES;
				CLANG_WARN_DIRECT_OBJC_ISA_USAGE = YES_ERROR;
				CLANG_WARN_DOCUMENTATION_COMMENTS = YES;
				CLANG_WARN_EMPTY_BODY = YES;
				CLANG_WARN_ENUM_CONVERSION = YES;
				CLANG_WARN_INFINITE_RECURSION = YES;
				CLANG_WARN_INT_CONVERSION = YES;
				CLANG_WARN_NON_LITERAL_NULL_CONVERSION = YES;
				CLANG_WARN_OBJC_IMPLICIT_RETAIN_SELF = YES;
				CLANG_WARN_OBJC_LITERAL_CONVERSION = YES;
				CLANG_WARN_OBJC_ROOT_CLASS = YES_ERROR;
				CLANG_WARN_RANGE_LOOP_ANALYSIS = YES;
				CLANG_WARN_STRICT_PROTOTYPES = YES;
				CLANG_WARN_SUSPICIOUS_MOVE = YES;
				CLANG_WARN_UNGUARDED_AVAILABILITY = YES_AGGRESSIVE;
				CLANG_WARN_UNREACHABLE_CODE = YES;
				CLANG_WARN__DUPLICATE_METHOD_MATCH = YES;
				CODE_SIGN_IDENTITY = "iPhone Developer";
				COPY_PHASE_STRIP = NO;
				DEBUG_INFORMATION_FORMAT = dwarf;
				ENABLE_STRICT_OBJC_MSGSEND = YES;
				ENABLE_TESTABILITY = YES;
				GCC_C_LANGUAGE_STANDARD = gnu11;
				GCC_DYNAMIC_NO_PIC = NO;
				GCC_NO_COMMON_BLOCKS = YES;
				GCC_OPTIMIZATION_LEVEL = 0;
				GCC_PREPROCESSOR_DEFINITIONS = (
					"DEBUG=1",
					"$(inherited)",
				);
				GCC_WARN_64_TO_32_BIT_CONVERSION = YES;
				GCC_WARN_ABOUT_RETURN_TYPE = YES_ERROR;
				GCC_WARN_UNDECLARED_SELECTOR = YES;
				GCC_WARN_UNINITIALIZED_AUTOS = YES_AGGRESSIVE;
				GCC_WARN_UNUSED_FUNCTION = YES;
				GCC_WARN_UNUSED_VARIABLE = YES;
				IPHONEOS_DEPLOYMENT_TARGET = 12.0;
				MTL_ENABLE_DEBUG_INFO = INCLUDE_SOURCE;
				MTL_FAST_MATH = YES;
				ONLY_ACTIVE_ARCH = YES;
				SDKROOT = iphoneos;
				SWIFT_ACTIVE_COMPILATION_CONDITIONS = DEBUG;
				SWIFT_OPTIMIZATION_LEVEL = "-Onone";
			};
			name = Debug;
		};
		44166CDE21CB2579009CDB80 /* Release */ = {
			isa = XCBuildConfiguration;
			buildSettings = {
				ALWAYS_SEARCH_USER_PATHS = NO;
				CLANG_ANALYZER_NONNULL = YES;
				CLANG_ANALYZER_NUMBER_OBJECT_CONVERSION = YES_AGGRESSIVE;
				CLANG_CXX_LANGUAGE_STANDARD = "gnu++14";
				CLANG_CXX_LIBRARY = "libc++";
				CLANG_ENABLE_MODULES = YES;
				CLANG_ENABLE_OBJC_ARC = YES;
				CLANG_ENABLE_OBJC_WEAK = YES;
				CLANG_WARN_BLOCK_CAPTURE_AUTORELEASING = YES;
				CLANG_WARN_BOOL_CONVERSION = YES;
				CLANG_WARN_COMMA = YES;
				CLANG_WARN_CONSTANT_CONVERSION = YES;
				CLANG_WARN_DEPRECATED_OBJC_IMPLEMENTATIONS = YES;
				CLANG_WARN_DIRECT_OBJC_ISA_USAGE = YES_ERROR;
				CLANG_WARN_DOCUMENTATION_COMMENTS = YES;
				CLANG_WARN_EMPTY_BODY = YES;
				CLANG_WARN_ENUM_CONVERSION = YES;
				CLANG_WARN_INFINITE_RECURSION = YES;
				CLANG_WARN_INT_CONVERSION = YES;
				CLANG_WARN_NON_LITERAL_NULL_CONVERSION = YES;
				CLANG_WARN_OBJC_IMPLICIT_RETAIN_SELF = YES;
				CLANG_WARN_OBJC_LITERAL_CONVERSION = YES;
				CLANG_WARN_OBJC_ROOT_CLASS = YES_ERROR;
				CLANG_WARN_RANGE_LOOP_ANALYSIS = YES;
				CLANG_WARN_STRICT_PROTOTYPES = YES;
				CLANG_WARN_SUSPICIOUS_MOVE = YES;
				CLANG_WARN_UNGUARDED_AVAILABILITY = YES_AGGRESSIVE;
				CLANG_WARN_UNREACHABLE_CODE = YES;
				CLANG_WARN__DUPLICATE_METHOD_MATCH = YES;
				CODE_SIGN_IDENTITY = "iPhone Developer";
				COPY_PHASE_STRIP = NO;
				DEBUG_INFORMATION_FORMAT = "dwarf-with-dsym";
				ENABLE_NS_ASSERTIONS = NO;
				ENABLE_STRICT_OBJC_MSGSEND = YES;
				GCC_C_LANGUAGE_STANDARD = gnu11;
				GCC_NO_COMMON_BLOCKS = YES;
				GCC_WARN_64_TO_32_BIT_CONVERSION = YES;
				GCC_WARN_ABOUT_RETURN_TYPE = YES_ERROR;
				GCC_WARN_UNDECLARED_SELECTOR = YES;
				GCC_WARN_UNINITIALIZED_AUTOS = YES_AGGRESSIVE;
				GCC_WARN_UNUSED_FUNCTION = YES;
				GCC_WARN_UNUSED_VARIABLE = YES;
				IPHONEOS_DEPLOYMENT_TARGET = 12.0;
				MTL_ENABLE_DEBUG_INFO = NO;
				MTL_FAST_MATH = YES;
				SDKROOT = iphoneos;
				SWIFT_COMPILATION_MODE = wholemodule;
				SWIFT_OPTIMIZATION_LEVEL = "-O";
				VALIDATE_PRODUCT = YES;
			};
			name = Release;
		};
		44166CE021CB2579009CDB80 /* Debug */ = {
			isa = XCBuildConfiguration;
			buildSettings = {
				ASSETCATALOG_COMPILER_APPICON_NAME = AppIcon;
				CODE_SIGN_STYLE = Automatic;
				INFOPLIST_FILE = FLM/Info.plist;
				LD_RUNPATH_SEARCH_PATHS = (
					"$(inherited)",
					"@executable_path/Frameworks",
				);
				PRODUCT_BUNDLE_IDENTIFIER = au.com.sunilkumar.FLM;
				PRODUCT_NAME = "$(TARGET_NAME)";
				SWIFT_VERSION = 4.2;
				TARGETED_DEVICE_FAMILY = "1,2";
			};
			name = Debug;
		};
		44166CE121CB2579009CDB80 /* Release */ = {
			isa = XCBuildConfiguration;
			buildSettings = {
				ASSETCATALOG_COMPILER_APPICON_NAME = AppIcon;
				CODE_SIGN_STYLE = Automatic;
				INFOPLIST_FILE = FLM/Info.plist;
				LD_RUNPATH_SEARCH_PATHS = (
					"$(inherited)",
					"@executable_path/Frameworks",
				);
				PRODUCT_BUNDLE_IDENTIFIER = au.com.sunilkumar.FLM;
				PRODUCT_NAME = "$(TARGET_NAME)";
				SWIFT_VERSION = 4.2;
				TARGETED_DEVICE_FAMILY = "1,2";
			};
			name = Release;
		};
		44166CE321CB2579009CDB80 /* Debug */ = {
			isa = XCBuildConfiguration;
			buildSettings = {
				ALWAYS_EMBED_SWIFT_STANDARD_LIBRARIES = YES;
				BUNDLE_LOADER = "$(TEST_HOST)";
				CODE_SIGN_STYLE = Automatic;
				INFOPLIST_FILE = FLMTests/Info.plist;
				LD_RUNPATH_SEARCH_PATHS = (
					"$(inherited)",
					"@executable_path/Frameworks",
					"@loader_path/Frameworks",
				);
				PRODUCT_BUNDLE_IDENTIFIER = au.com.sunilkumar.FLMTests;
				PRODUCT_NAME = "$(TARGET_NAME)";
				SWIFT_VERSION = 4.2;
				TARGETED_DEVICE_FAMILY = "1,2";
				TEST_HOST = "$(BUILT_PRODUCTS_DIR)/FLM.app/FLM";
			};
			name = Debug;
		};
		44166CE421CB2579009CDB80 /* Release */ = {
			isa = XCBuildConfiguration;
			buildSettings = {
				ALWAYS_EMBED_SWIFT_STANDARD_LIBRARIES = YES;
				BUNDLE_LOADER = "$(TEST_HOST)";
				CODE_SIGN_STYLE = Automatic;
				INFOPLIST_FILE = FLMTests/Info.plist;
				LD_RUNPATH_SEARCH_PATHS = (
					"$(inherited)",
					"@executable_path/Frameworks",
					"@loader_path/Frameworks",
				);
				PRODUCT_BUNDLE_IDENTIFIER = au.com.sunilkumar.FLMTests;
				PRODUCT_NAME = "$(TARGET_NAME)";
				SWIFT_VERSION = 4.2;
				TARGETED_DEVICE_FAMILY = "1,2";
				TEST_HOST = "$(BUILT_PRODUCTS_DIR)/FLM.app/FLM";
			};
			name = Release;
		};
/* End XCBuildConfiguration section */

/* Begin XCConfigurationList section */
		44166CBD21CB2577009CDB80 /* Build configuration list for PBXProject "FLM" */ = {
			isa = XCConfigurationList;
			buildConfigurations = (
				44166CDD21CB2579009CDB80 /* Debug */,
				44166CDE21CB2579009CDB80 /* Release */,
			);
			defaultConfigurationIsVisible = 0;
			defaultConfigurationName = Release;
		};
		44166CDF21CB2579009CDB80 /* Build configuration list for PBXNativeTarget "FLM" */ = {
			isa = XCConfigurationList;
			buildConfigurations = (
				44166CE021CB2579009CDB80 /* Debug */,
				44166CE121CB2579009CDB80 /* Release */,
			);
			defaultConfigurationIsVisible = 0;
			defaultConfigurationName = Release;
		};
		44166CE221CB2579009CDB80 /* Build configuration list for PBXNativeTarget "FLMTests" */ = {
			isa = XCConfigurationList;
			buildConfigurations = (
				44166CE321CB2579009CDB80 /* Debug */,
				44166CE421CB2579009CDB80 /* Release */,
			);
			defaultConfigurationIsVisible = 0;
			defaultConfigurationName = Release;
		};
/* End XCConfigurationList section */
	};
	rootObject = 44166CBA21CB2577009CDB80 /* Project object */;
}
