// !$*UTF8*$!
{
	archiveVersion = 1;
	classes = {
	};
	objectVersion = 50;
	objects = {

/* Begin PBXBuildFile section */
		44166CC621CB2577009CDB80 /* AppDelegate.swift in Sources */ = {isa = PBXBuildFile; fileRef = 44166CC521CB2577009CDB80 /* AppDelegate.swift */; };
		44166CCB21CB2577009CDB80 /* Main.storyboard in Resources */ = {isa = PBXBuildFile; fileRef = 44166CC921CB2577009CDB80 /* Main.storyboard */; };
		44166CCD21CB2579009CDB80 /* Assets.xcassets in Resources */ = {isa = PBXBuildFile; fileRef = 44166CCC21CB2579009CDB80 /* Assets.xcassets */; };
		44166CD021CB2579009CDB80 /* LaunchScreen.storyboard in Resources */ = {isa = PBXBuildFile; fileRef = 44166CCE21CB2579009CDB80 /* LaunchScreen.storyboard */; };
		44166CDB21CB2579009CDB80 /* FLMTests.swift in Sources */ = {isa = PBXBuildFile; fileRef = 44166CDA21CB2579009CDB80 /* FLMTests.swift */; };
		44166CE621CB2622009CDB80 /* GymListViewController.swift in Sources */ = {isa = PBXBuildFile; fileRef = 44166CE521CB2622009CDB80 /* GymListViewController.swift */; };
		44166CE921CB2691009CDB80 /* GymListTableViewCell.swift in Sources */ = {isa = PBXBuildFile; fileRef = 44166CE821CB2691009CDB80 /* GymListTableViewCell.swift */; };
		4A348F09445EE834D05EECD0 /* Pods_FLM.framework in Frameworks */ = {isa = PBXBuildFile; fileRef = 4CA22B2CB05F6F22957E3368 /* Pods_FLM.framework */; };
		F1A77FA2CE87D38F9116B597 /* Pods_FLMTests.framework in Frameworks */ = {isa = PBXBuildFile; fileRef = 3DB6DEA850CBDE214F56A322 /* Pods_FLMTests.framework */; };
/* End PBXBuildFile section */

/* Begin PBXContainerItemProxy section */
		44166CD721CB2579009CDB80 /* PBXContainerItemProxy */ = {
			isa = PBXContainerItemProxy;
			containerPortal = 44166CBA21CB2577009CDB80 /* Project object */;
			proxyType = 1;
			remoteGlobalIDString = 44166CC121CB2577009CDB80;
			remoteInfo = FLM;
		};
/* End PBXContainerItemProxy section */

/* Begin PBXFileReference section */
		263968EE191B4648CAE606D7 /* Pods-FLMTests.release.xcconfig */ = {isa = PBXFileReference; includeInIndex = 1; lastKnownFileType = text.xcconfig; name = "Pods-FLMTests.release.xcconfig"; path = "Pods/Target Support Files/Pods-FLMTests/Pods-FLMTests.release.xcconfig"; sourceTree = "<group>"; };
		3DB6DEA850CBDE214F56A322 /* Pods_FLMTests.framework */ = {isa = PBXFileReference; explicitFileType = wrapper.framework; includeInIndex = 0; path = Pods_FLMTests.framework; sourceTree = BUILT_PRODUCTS_DIR; };
		44166CC221CB2577009CDB80 /* FLM.app */ = {isa = PBXFileReference; explicitFileType = wrapper.application; includeInIndex = 0; path = FLM.app; sourceTree = BUILT_PRODUCTS_DIR; };
		44166CC521CB2577009CDB80 /* AppDelegate.swift */ = {isa = PBXFileReference; lastKnownFileType = sourcecode.swift; path = AppDelegate.swift; sourceTree = "<group>"; };
		44166CCA21CB2577009CDB80 /* Base */ = {isa = PBXFileReference; lastKnownFileType = file.storyboard; name = Base; path = Base.lproj/Main.storyboard; sourceTree = "<group>"; };
		44166CCC21CB2579009CDB80 /* Assets.xcassets */ = {isa = PBXFileReference; lastKnownFileType = folder.assetcatalog; path = Assets.xcassets; sourceTree = "<group>"; };
		44166CCF21CB2579009CDB80 /* Base */ = {isa = PBXFileReference; lastKnownFileType = file.storyboard; name = Base; path = Base.lproj/LaunchScreen.storyboard; sourceTree = "<group>"; };
		44166CD121CB2579009CDB80 /* Info.plist */ = {isa = PBXFileReference; lastKnownFileType = text.plist.xml; path = Info.plist; sourceTree = "<group>"; };
		44166CD621CB2579009CDB80 /* FLMTests.xctest */ = {isa = PBXFileReference; explicitFileType = wrapper.cfbundle; includeInIndex = 0; path = FLMTests.xctest; sourceTree = BUILT_PRODUCTS_DIR; };
		44166CDA21CB2579009CDB80 /* FLMTests.swift */ = {isa = PBXFileReference; lastKnownFileType = sourcecode.swift; path = FLMTests.swift; sourceTree = "<group>"; };
		44166CDC21CB2579009CDB80 /* Info.plist */ = {isa = PBXFileReference; lastKnownFileType = text.plist.xml; path = Info.plist; sourceTree = "<group>"; };
		44166CE521CB2622009CDB80 /* GymListViewController.swift */ = {isa = PBXFileReference; lastKnownFileType = sourcecode.swift; path = GymListViewController.swift; sourceTree = "<group>"; };
		44166CE821CB2691009CDB80 /* GymListTableViewCell.swift */ = {isa = PBXFileReference; lastKnownFileType = sourcecode.swift; path = GymListTableViewCell.swift; sourceTree = "<group>"; };
		4CA22B2CB05F6F22957E3368 /* Pods_FLM.framework */ = {isa = PBXFileReference; explicitFileType = wrapper.framework; includeInIndex = 0; path = Pods_FLM.framework; sourceTree = BUILT_PRODUCTS_DIR; };
		939E20AF84A3D859F3045B79 /* Pods-FLMTests.debug.xcconfig */ = {isa = PBXFileReference; includeInIndex = 1; lastKnownFileType = text.xcconfig; name = "Pods-FLMTests.debug.xcconfig"; path = "Pods/Target Support Files/Pods-FLMTests/Pods-FLMTests.debug.xcconfig"; sourceTree = "<group>"; };
		A2C6B80632149DFC35517443 /* Pods-FLM.release.xcconfig */ = {isa = PBXFileReference; includeInIndex = 1; lastKnownFileType = text.xcconfig; name = "Pods-FLM.release.xcconfig"; path = "Pods/Target Support Files/Pods-FLM/Pods-FLM.release.xcconfig"; sourceTree = "<group>"; };
		A5AE9F58809B63BB42E2DBF5 /* Pods-FLM.debug.xcconfig */ = {isa = PBXFileReference; includeInIndex = 1; lastKnownFileType = text.xcconfig; name = "Pods-FLM.debug.xcconfig"; path = "Pods/Target Support Files/Pods-FLM/Pods-FLM.debug.xcconfig"; sourceTree = "<group>"; };
/* End PBXFileReference section */

/* Begin PBXFrameworksBuildPhase section */
		44166CBF21CB2577009CDB80 /* Frameworks */ = {
			isa = PBXFrameworksBuildPhase;
			buildActionMask = 2147483647;
			files = (
				4A348F09445EE834D05EECD0 /* Pods_FLM.framework in Frameworks */,
			);
			runOnlyForDeploymentPostprocessing = 0;
		};
		44166CD321CB2579009CDB80 /* Frameworks */ = {
			isa = PBXFrameworksBuildPhase;
			buildActionMask = 2147483647;
			files = (
				F1A77FA2CE87D38F9116B597 /* Pods_FLMTests.framework in Frameworks */,
			);
			runOnlyForDeploymentPostprocessing = 0;
		};
/* End PBXFrameworksBuildPhase section */

/* Begin PBXGroup section */
		44166CB921CB2577009CDB80 = {
			isa = PBXGroup;
			children = (
				44166CC421CB2577009CDB80 /* FLM */,
				44166CD921CB2579009CDB80 /* FLMTests */,
				44166CC321CB2577009CDB80 /* Products */,
				6ADAFA013BA8514442C938B0 /* Pods */,
				726032D1F6577BB15B1C8155 /* Frameworks */,
			);
			sourceTree = "<group>";
		};
		44166CC321CB2577009CDB80 /* Products */ = {
			isa = PBXGroup;
			children = (
				44166CC221CB2577009CDB80 /* FLM.app */,
				44166CD621CB2579009CDB80 /* FLMTests.xctest */,
			);
			name = Products;
			sourceTree = "<group>";
		};
		44166CC421CB2577009CDB80 /* FLM */ = {
			isa = PBXGroup;
			children = (
				44166CE721CB2668009CDB80 /* Views */,
				44166CC521CB2577009CDB80 /* AppDelegate.swift */,
				44166CC921CB2577009CDB80 /* Main.storyboard */,
				44166CCC21CB2579009CDB80 /* Assets.xcassets */,
				44166CCE21CB2579009CDB80 /* LaunchScreen.storyboard */,
				44166CD121CB2579009CDB80 /* Info.plist */,
			);
			path = FLM;
			sourceTree = "<group>";
		};
		44166CD921CB2579009CDB80 /* FLMTests */ = {
			isa = PBXGroup;
			children = (
				44166CDA21CB2579009CDB80 /* FLMTests.swift */,
				44166CDC21CB2579009CDB80 /* Info.plist */,
			);
			path = FLMTests;
			sourceTree = "<group>";
		};
		44166CE721CB2668009CDB80 /* Views */ = {
			isa = PBXGroup;
			children = (
				44166CE521CB2622009CDB80 /* GymListViewController.swift */,
				44166CE821CB2691009CDB80 /* GymListTableViewCell.swift */,
			);
			path = Views;
			sourceTree = "<group>";
		};
		6ADAFA013BA8514442C938B0 /* Pods */ = {
			isa = PBXGroup;
			children = (
				A5AE9F58809B63BB42E2DBF5 /* Pods-FLM.debug.xcconfig */,
				A2C6B80632149DFC35517443 /* Pods-FLM.release.xcconfig */,
				939E20AF84A3D859F3045B79 /* Pods-FLMTests.debug.xcconfig */,
				263968EE191B4648CAE606D7 /* Pods-FLMTests.release.xcconfig */,
			);
			name = Pods;
			sourceTree = "<group>";
		};
		726032D1F6577BB15B1C8155 /* Frameworks */ = {
			isa = PBXGroup;
			children = (
				4CA22B2CB05F6F22957E3368 /* Pods_FLM.framework */,
				3DB6DEA850CBDE214F56A322 /* Pods_FLMTests.framework */,
			);
			name = Frameworks;
			sourceTree = "<group>";
		};
/* End PBXGroup section */

/* Begin PBXNativeTarget section */
		44166CC121CB2577009CDB80 /* FLM */ = {
			isa = PBXNativeTarget;
			buildConfigurationList = 44166CDF21CB2579009CDB80 /* Build configuration list for PBXNativeTarget "FLM" */;
			buildPhases = (
				02B176529809DF1F05C630AE /* [CP] Check Pods Manifest.lock */,
				44166CBE21CB2577009CDB80 /* Sources */,
				44166CBF21CB2577009CDB80 /* Frameworks */,
				44166CC021CB2577009CDB80 /* Resources */,
				B263D8FB57AEFAE7FA5D7618 /* [CP] Embed Pods Frameworks */,
			);
			buildRules = (
			);
			dependencies = (
			);
			name = FLM;
			productName = FLM;
			productReference = 44166CC221CB2577009CDB80 /* FLM.app */;
			productType = "com.apple.product-type.application";
		};
		44166CD521CB2579009CDB80 /* FLMTests */ = {
			isa = PBXNativeTarget;
			buildConfigurationList = 44166CE221CB2579009CDB80 /* Build configuration list for PBXNativeTarget "FLMTests" */;
			buildPhases = (
				9D809706D911C58905DA068A /* [CP] Check Pods Manifest.lock */,
				44166CD221CB2579009CDB80 /* Sources */,
				44166CD321CB2579009CDB80 /* Frameworks */,
				44166CD421CB2579009CDB80 /* Resources */,
				5BD112191778A329BF67F945 /* [CP] Embed Pods Frameworks */,
			);
			buildRules = (
			);
			dependencies = (
				44166CD821CB2579009CDB80 /* PBXTargetDependency */,
			);
			name = FLMTests;
			productName = FLMTests;
			productReference = 44166CD621CB2579009CDB80 /* FLMTests.xctest */;
			productType = "com.apple.product-type.bundle.unit-test";
		};
/* End PBXNativeTarget section */

/* Begin PBXProject section */
		44166CBA21CB2577009CDB80 /* Project object */ = {
			isa = PBXProject;
			attributes = {
				LastSwiftUpdateCheck = 1000;
				LastUpgradeCheck = 1000;
				ORGANIZATIONNAME = "Sunil Kumar";
				TargetAttributes = {
					44166CC121CB2577009CDB80 = {
						CreatedOnToolsVersion = 10.0;
					};
					44166CD521CB2579009CDB80 = {
						CreatedOnToolsVersion = 10.0;
						TestTargetID = 44166CC121CB2577009CDB80;
					};
				};
			};
			buildConfigurationList = 44166CBD21CB2577009CDB80 /* Build configuration list for PBXProject "FLM" */;
			compatibilityVersion = "Xcode 9.3";
			developmentRegion = en;
			hasScannedForEncodings = 0;
			knownRegions = (
				en,
				Base,
			);
			mainGroup = 44166CB921CB2577009CDB80;
			productRefGroup = 44166CC321CB2577009CDB80 /* Products */;
			projectDirPath = "";
			projectRoot = "";
			targets = (
				44166CC121CB2577009CDB80 /* FLM */,
				44166CD521CB2579009CDB80 /* FLMTests */,
			);
		};
/* End PBXProject section */

/* Begin PBXResourcesBuildPhase section */
		44166CC021CB2577009CDB80 /* Resources */ = {
			isa = PBXResourcesBuildPhase;
			buildActionMask = 2147483647;
			files = (
				44166CD021CB2579009CDB80 /* LaunchScreen.storyboard in Resources */,
				44166CCD21CB2579009CDB80 /* Assets.xcassets in Resources */,
				44166CCB21CB2577009CDB80 /* Main.storyboard in Resources */,
			);
			runOnlyForDeploymentPostprocessing = 0;
		};
		44166CD421CB2579009CDB80 /* Resources */ = {
			isa = PBXResourcesBuildPhase;
			buildActionMask = 2147483647;
			files = (
			);
			runOnlyForDeploymentPostprocessing = 0;
		};
/* End PBXResourcesBuildPhase section */

/* Begin PBXShellScriptBuildPhase section */
		02B176529809DF1F05C630AE /* [CP] Check Pods Manifest.lock */ = {
			isa = PBXShellScriptBuildPhase;
			buildActionMask = 2147483647;
			files = (
			);
			inputPaths = (
				"${PODS_PODFILE_DIR_PATH}/Podfile.lock",
				"${PODS_ROOT}/Manifest.lock",
			);
			name = "[CP] Check Pods Manifest.lock";
			outputPaths = (
				"$(DERIVED_FILE_DIR)/Pods-FLM-checkManifestLockResult.txt",
			);
			runOnlyForDeploymentPostprocessing = 0;
			shellPath = /bin/sh;
			shellScript = "diff \"${PODS_PODFILE_DIR_PATH}/Podfile.lock\" \"${PODS_ROOT}/Manifest.lock\" > /dev/null\nif [ $? != 0 ] ; then\n    # print error to STDERR\n    echo \"error: The sandbox is not in sync with the Podfile.lock. Run 'pod install' or update your CocoaPods installation.\" >&2\n    exit 1\nfi\n# This output is used by Xcode 'outputs' to avoid re-running this script phase.\necho \"SUCCESS\" > \"${SCRIPT_OUTPUT_FILE_0}\"\n";
			showEnvVarsInLog = 0;
		};
		5BD112191778A329BF67F945 /* [CP] Embed Pods Frameworks */ = {
			isa = PBXShellScriptBuildPhase;
			buildActionMask = 2147483647;
			files = (
			);
			inputPaths = (
				"${SRCROOT}/Pods/Target Support Files/Pods-FLMTests/Pods-FLMTests-frameworks.sh",
				"${BUILT_PRODUCTS_DIR}/Nimble/Nimble.framework",
				"${BUILT_PRODUCTS_DIR}/Quick/Quick.framework",
			);
			name = "[CP] Embed Pods Frameworks";
			outputPaths = (
				"${TARGET_BUILD_DIR}/${FRAMEWORKS_FOLDER_PATH}/Nimble.framework",
				"${TARGET_BUILD_DIR}/${FRAMEWORKS_FOLDER_PATH}/Quick.framework",
			);
			runOnlyForDeploymentPostprocessing = 0;
			shellPath = /bin/sh;
			shellScript = "\"${SRCROOT}/Pods/Target Support Files/Pods-FLMTests/Pods-FLMTests-frameworks.sh\"\n";
			showEnvVarsInLog = 0;
		};
		9D809706D911C58905DA068A /* [CP] Check Pods Manifest.lock */ = {
			isa = PBXShellScriptBuildPhase;
			buildActionMask = 2147483647;
			files = (
			);
			inputPaths = (
				"${PODS_PODFILE_DIR_PATH}/Podfile.lock",
				"${PODS_ROOT}/Manifest.lock",
			);
			name = "[CP] Check Pods Manifest.lock";
			outputPaths = (
				"$(DERIVED_FILE_DIR)/Pods-FLMTests-checkManifestLockResult.txt",
			);
			runOnlyForDeploymentPostprocessing = 0;
			shellPath = /bin/sh;
			shellScript = "diff \"${PODS_PODFILE_DIR_PATH}/Podfile.lock\" \"${PODS_ROOT}/Manifest.lock\" > /dev/null\nif [ $? != 0 ] ; then\n    # print error to STDERR\n    echo \"error: The sandbox is not in sync with the Podfile.lock. Run 'pod install' or update your CocoaPods installation.\" >&2\n    exit 1\nfi\n# This output is used by Xcode 'outputs' to avoid re-running this script phase.\necho \"SUCCESS\" > \"${SCRIPT_OUTPUT_FILE_0}\"\n";
			showEnvVarsInLog = 0;
		};
		B263D8FB57AEFAE7FA5D7618 /* [CP] Embed Pods Frameworks */ = {
			isa = PBXShellScriptBuildPhase;
			buildActionMask = 2147483647;
			files = (
			);
			inputPaths = (
				"${SRCROOT}/Pods/Target Support Files/Pods-FLM/Pods-FLM-frameworks.sh",
				"${BUILT_PRODUCTS_DIR}/Alamofire/Alamofire.framework",
				"${BUILT_PRODUCTS_DIR}/SwiftyJSON/SwiftyJSON.framework",
			);
			name = "[CP] Embed Pods Frameworks";
			outputPaths = (
				"${TARGET_BUILD_DIR}/${FRAMEWORKS_FOLDER_PATH}/Alamofire.framework",
				"${TARGET_BUILD_DIR}/${FRAMEWORKS_FOLDER_PATH}/SwiftyJSON.framework",
			);
			runOnlyForDeploymentPostprocessing = 0;
			shellPath = /bin/sh;
			shellScript = "\"${SRCROOT}/Pods/Target Support Files/Pods-FLM/Pods-FLM-frameworks.sh\"\n";
			showEnvVarsInLog = 0;
		};
/* End PBXShellScriptBuildPhase section */

/* Begin PBXSourcesBuildPhase section */
		44166CBE21CB2577009CDB80 /* Sources */ = {
			isa = PBXSourcesBuildPhase;
			buildActionMask = 2147483647;
			files = (
				44166CE621CB2622009CDB80 /* GymListViewController.swift in Sources */,
				44166CE921CB2691009CDB80 /* GymListTableViewCell.swift in Sources */,
				44166CC621CB2577009CDB80 /* AppDelegate.swift in Sources */,
			);
			runOnlyForDeploymentPostprocessing = 0;
		};
		44166CD221CB2579009CDB80 /* Sources */ = {
			isa = PBXSourcesBuildPhase;
			buildActionMask = 2147483647;
			files = (
				44166CDB21CB2579009CDB80 /* FLMTests.swift in Sources */,
			);
			runOnlyForDeploymentPostprocessing = 0;
		};
/* End PBXSourcesBuildPhase section */

/* Begin PBXTargetDependency section */
		44166CD821CB2579009CDB80 /* PBXTargetDependency */ = {
			isa = PBXTargetDependency;
			target = 44166CC121CB2577009CDB80 /* FLM */;
			targetProxy = 44166CD721CB2579009CDB80 /* PBXContainerItemProxy */;
		};
/* End PBXTargetDependency section */

/* Begin PBXVariantGroup section */
		44166CC921CB2577009CDB80 /* Main.storyboard */ = {
			isa = PBXVariantGroup;
			children = (
				44166CCA21CB2577009CDB80 /* Base */,
			);
			name = Main.storyboard;
			sourceTree = "<group>";
		};
		44166CCE21CB2579009CDB80 /* LaunchScreen.storyboard */ = {
			isa = PBXVariantGroup;
			children = (
				44166CCF21CB2579009CDB80 /* Base */,
			);
			name = LaunchScreen.storyboard;
			sourceTree = "<group>";
		};
/* End PBXVariantGroup section */

/* Begin XCBuildConfiguration section */
		44166CDD21CB2579009CDB80 /* Debug */ = {
			isa = XCBuildConfiguration;
			buildSettings = {
				ALWAYS_SEARCH_USER_PATHS = NO;
				CLANG_ANALYZER_NONNULL = YES;
				CLANG_ANALYZER_NUMBER_OBJECT_CONVERSION = YES_AGGRESSIVE;
				CLANG_CXX_LANGUAGE_STANDARD = "gnu++14";
				CLANG_CXX_LIBRARY = "libc++";
				CLANG_ENABLE_MODULES = YES;
				CLANG_ENABLE_OBJC_ARC = YES;
				CLANG_ENABLE_OBJC_WEAK = YES;
				CLANG_WARN_BLOCK_CAPTURE_AUTORELEASING = YES;
				CLANG_WARN_BOOL_CONVERSION = YES;
				CLANG_WARN_COMMA = YES;
				CLANG_WARN_CONSTANT_CONVERSION = YES;
				CLANG_WARN_DEPRECATED_OBJC_IMPLEMENTATIONS = YES;
				CLANG_WARN_DIRECT_OBJC_ISA_USAGE = YES_ERROR;
				CLANG_WARN_DOCUMENTATION_COMMENTS = YES;
				CLANG_WARN_EMPTY_BODY = YES;
				CLANG_WARN_ENUM_CONVERSION = YES;
				CLANG_WARN_INFINITE_RECURSION = YES;
				CLANG_WARN_INT_CONVERSION = YES;
				CLANG_WARN_NON_LITERAL_NULL_CONVERSION = YES;
				CLANG_WARN_OBJC_IMPLICIT_RETAIN_SELF = YES;
				CLANG_WARN_OBJC_LITERAL_CONVERSION = YES;
				CLANG_WARN_OBJC_ROOT_CLASS = YES_ERROR;
				CLANG_WARN_RANGE_LOOP_ANALYSIS = YES;
				CLANG_WARN_STRICT_PROTOTYPES = YES;
				CLANG_WARN_SUSPICIOUS_MOVE = YES;
				CLANG_WARN_UNGUARDED_AVAILABILITY = YES_AGGRESSIVE;
				CLANG_WARN_UNREACHABLE_CODE = YES;
				CLANG_WARN__DUPLICATE_METHOD_MATCH = YES;
				CODE_SIGN_IDENTITY = "iPhone Developer";
				COPY_PHASE_STRIP = NO;
				DEBUG_INFORMATION_FORMAT = dwarf;
				ENABLE_STRICT_OBJC_MSGSEND = YES;
				ENABLE_TESTABILITY = YES;
				GCC_C_LANGUAGE_STANDARD = gnu11;
				GCC_DYNAMIC_NO_PIC = NO;
				GCC_NO_COMMON_BLOCKS = YES;
				GCC_OPTIMIZATION_LEVEL = 0;
				GCC_PREPROCESSOR_DEFINITIONS = (
					"DEBUG=1",
					"$(inherited)",
				);
				GCC_WARN_64_TO_32_BIT_CONVERSION = YES;
				GCC_WARN_ABOUT_RETURN_TYPE = YES_ERROR;
				GCC_WARN_UNDECLARED_SELECTOR = YES;
				GCC_WARN_UNINITIALIZED_AUTOS = YES_AGGRESSIVE;
				GCC_WARN_UNUSED_FUNCTION = YES;
				GCC_WARN_UNUSED_VARIABLE = YES;
				IPHONEOS_DEPLOYMENT_TARGET = 12.0;
				MTL_ENABLE_DEBUG_INFO = INCLUDE_SOURCE;
				MTL_FAST_MATH = YES;
				ONLY_ACTIVE_ARCH = YES;
				SDKROOT = iphoneos;
				SWIFT_ACTIVE_COMPILATION_CONDITIONS = DEBUG;
				SWIFT_OPTIMIZATION_LEVEL = "-Onone";
			};
			name = Debug;
		};
		44166CDE21CB2579009CDB80 /* Release */ = {
			isa = XCBuildConfiguration;
			buildSettings = {
				ALWAYS_SEARCH_USER_PATHS = NO;
				CLANG_ANALYZER_NONNULL = YES;
				CLANG_ANALYZER_NUMBER_OBJECT_CONVERSION = YES_AGGRESSIVE;
				CLANG_CXX_LANGUAGE_STANDARD = "gnu++14";
				CLANG_CXX_LIBRARY = "libc++";
				CLANG_ENABLE_MODULES = YES;
				CLANG_ENABLE_OBJC_ARC = YES;
				CLANG_ENABLE_OBJC_WEAK = YES;
				CLANG_WARN_BLOCK_CAPTURE_AUTORELEASING = YES;
				CLANG_WARN_BOOL_CONVERSION = YES;
				CLANG_WARN_COMMA = YES;
				CLANG_WARN_CONSTANT_CONVERSION = YES;
				CLANG_WARN_DEPRECATED_OBJC_IMPLEMENTATIONS = YES;
				CLANG_WARN_DIRECT_OBJC_ISA_USAGE = YES_ERROR;
				CLANG_WARN_DOCUMENTATION_COMMENTS = YES;
				CLANG_WARN_EMPTY_BODY = YES;
				CLANG_WARN_ENUM_CONVERSION = YES;
				CLANG_WARN_INFINITE_RECURSION = YES;
				CLANG_WARN_INT_CONVERSION = YES;
				CLANG_WARN_NON_LITERAL_NULL_CONVERSION = YES;
				CLANG_WARN_OBJC_IMPLICIT_RETAIN_SELF = YES;
				CLANG_WARN_OBJC_LITERAL_CONVERSION = YES;
				CLANG_WARN_OBJC_ROOT_CLASS = YES_ERROR;
				CLANG_WARN_RANGE_LOOP_ANALYSIS = YES;
				CLANG_WARN_STRICT_PROTOTYPES = YES;
				CLANG_WARN_SUSPICIOUS_MOVE = YES;
				CLANG_WARN_UNGUARDED_AVAILABILITY = YES_AGGRESSIVE;
				CLANG_WARN_UNREACHABLE_CODE = YES;
				CLANG_WARN__DUPLICATE_METHOD_MATCH = YES;
				CODE_SIGN_IDENTITY = "iPhone Developer";
				COPY_PHASE_STRIP = NO;
				DEBUG_INFORMATION_FORMAT = "dwarf-with-dsym";
				ENABLE_NS_ASSERTIONS = NO;
				ENABLE_STRICT_OBJC_MSGSEND = YES;
				GCC_C_LANGUAGE_STANDARD = gnu11;
				GCC_NO_COMMON_BLOCKS = YES;
				GCC_WARN_64_TO_32_BIT_CONVERSION = YES;
				GCC_WARN_ABOUT_RETURN_TYPE = YES_ERROR;
				GCC_WARN_UNDECLARED_SELECTOR = YES;
				GCC_WARN_UNINITIALIZED_AUTOS = YES_AGGRESSIVE;
				GCC_WARN_UNUSED_FUNCTION = YES;
				GCC_WARN_UNUSED_VARIABLE = YES;
				IPHONEOS_DEPLOYMENT_TARGET = 12.0;
				MTL_ENABLE_DEBUG_INFO = NO;
				MTL_FAST_MATH = YES;
				SDKROOT = iphoneos;
				SWIFT_COMPILATION_MODE = wholemodule;
				SWIFT_OPTIMIZATION_LEVEL = "-O";
				VALIDATE_PRODUCT = YES;
			};
			name = Release;
		};
		44166CE021CB2579009CDB80 /* Debug */ = {
			isa = XCBuildConfiguration;
			baseConfigurationReference = A5AE9F58809B63BB42E2DBF5 /* Pods-FLM.debug.xcconfig */;
			buildSettings = {
				ASSETCATALOG_COMPILER_APPICON_NAME = AppIcon;
				CODE_SIGN_STYLE = Automatic;
				INFOPLIST_FILE = FLM/Info.plist;
				LD_RUNPATH_SEARCH_PATHS = (
					"$(inherited)",
					"@executable_path/Frameworks",
				);
				PRODUCT_BUNDLE_IDENTIFIER = au.com.sunilkumar.FLM;
				PRODUCT_NAME = "$(TARGET_NAME)";
				SWIFT_VERSION = 4.2;
				TARGETED_DEVICE_FAMILY = "1,2";
			};
			name = Debug;
		};
		44166CE121CB2579009CDB80 /* Release */ = {
			isa = XCBuildConfiguration;
			baseConfigurationReference = A2C6B80632149DFC35517443 /* Pods-FLM.release.xcconfig */;
			buildSettings = {
				ASSETCATALOG_COMPILER_APPICON_NAME = AppIcon;
				CODE_SIGN_STYLE = Automatic;
				INFOPLIST_FILE = FLM/Info.plist;
				LD_RUNPATH_SEARCH_PATHS = (
					"$(inherited)",
					"@executable_path/Frameworks",
				);
				PRODUCT_BUNDLE_IDENTIFIER = au.com.sunilkumar.FLM;
				PRODUCT_NAME = "$(TARGET_NAME)";
				SWIFT_VERSION = 4.2;
				TARGETED_DEVICE_FAMILY = "1,2";
			};
			name = Release;
		};
		44166CE321CB2579009CDB80 /* Debug */ = {
			isa = XCBuildConfiguration;
			baseConfigurationReference = 939E20AF84A3D859F3045B79 /* Pods-FLMTests.debug.xcconfig */;
			buildSettings = {
				ALWAYS_EMBED_SWIFT_STANDARD_LIBRARIES = YES;
				BUNDLE_LOADER = "$(TEST_HOST)";
				CODE_SIGN_STYLE = Automatic;
				INFOPLIST_FILE = FLMTests/Info.plist;
				LD_RUNPATH_SEARCH_PATHS = (
					"$(inherited)",
					"@executable_path/Frameworks",
					"@loader_path/Frameworks",
				);
				PRODUCT_BUNDLE_IDENTIFIER = au.com.sunilkumar.FLMTests;
				PRODUCT_NAME = "$(TARGET_NAME)";
				SWIFT_VERSION = 4.2;
				TARGETED_DEVICE_FAMILY = "1,2";
				TEST_HOST = "$(BUILT_PRODUCTS_DIR)/FLM.app/FLM";
			};
			name = Debug;
		};
		44166CE421CB2579009CDB80 /* Release */ = {
			isa = XCBuildConfiguration;
			baseConfigurationReference = 263968EE191B4648CAE606D7 /* Pods-FLMTests.release.xcconfig */;
			buildSettings = {
				ALWAYS_EMBED_SWIFT_STANDARD_LIBRARIES = YES;
				BUNDLE_LOADER = "$(TEST_HOST)";
				CODE_SIGN_STYLE = Automatic;
				INFOPLIST_FILE = FLMTests/Info.plist;
				LD_RUNPATH_SEARCH_PATHS = (
					"$(inherited)",
					"@executable_path/Frameworks",
					"@loader_path/Frameworks",
				);
				PRODUCT_BUNDLE_IDENTIFIER = au.com.sunilkumar.FLMTests;
				PRODUCT_NAME = "$(TARGET_NAME)";
				SWIFT_VERSION = 4.2;
				TARGETED_DEVICE_FAMILY = "1,2";
				TEST_HOST = "$(BUILT_PRODUCTS_DIR)/FLM.app/FLM";
			};
			name = Release;
		};
/* End XCBuildConfiguration section */

/* Begin XCConfigurationList section */
		44166CBD21CB2577009CDB80 /* Build configuration list for PBXProject "FLM" */ = {
			isa = XCConfigurationList;
			buildConfigurations = (
				44166CDD21CB2579009CDB80 /* Debug */,
				44166CDE21CB2579009CDB80 /* Release */,
			);
			defaultConfigurationIsVisible = 0;
			defaultConfigurationName = Release;
		};
		44166CDF21CB2579009CDB80 /* Build configuration list for PBXNativeTarget "FLM" */ = {
			isa = XCConfigurationList;
			buildConfigurations = (
				44166CE021CB2579009CDB80 /* Debug */,
				44166CE121CB2579009CDB80 /* Release */,
			);
			defaultConfigurationIsVisible = 0;
			defaultConfigurationName = Release;
		};
		44166CE221CB2579009CDB80 /* Build configuration list for PBXNativeTarget "FLMTests" */ = {
			isa = XCConfigurationList;
			buildConfigurations = (
				44166CE321CB2579009CDB80 /* Debug */,
				44166CE421CB2579009CDB80 /* Release */,
			);
			defaultConfigurationIsVisible = 0;
			defaultConfigurationName = Release;
		};
/* End XCConfigurationList section */
	};
	rootObject = 44166CBA21CB2577009CDB80 /* Project object */;
}
